lock_version: 1
toolchain:
  repository: TakashiSasaki/templates
  revision: b764b00d532f82fd6152ace13941784828818ec5
inputs:
  .agent-policy.yml:
    sha256: 773f48b05d0f2a65bfeca56951d7d07e176fcf446a5246234133d83688c8c7c8
  policy/project.md:
    sha256: d9bd9aee0073e3c9b29d67b7578c1ee965fa9f602dc05a5ca11fe85b7bd35c24
outputs:
  .agents/skills/maintain-progressive-discovery/SKILL.md:
    sha256: 4fe79da3b1c332869e5c899caed9d283817e7c742bf4bcfc3d4b6a34dbba9279
  .agents/skills/maintain-progressive-discovery/scripts/maintain_progressive_discovery.py:
    sha256: aa6a56c83965df0791e0d1e134c59280cac11d9d5a29b1d23598ea4dc1fdb331
  .review-authority/review-policy.md:
    sha256: b67927b1a1d93229e4cb81499c9bc72f506e1e66c72de4db576927f3ddde407a
  AGENTS.md:
    sha256: b28f4cdbaae38d0f268452660b3d176d7bf971e4055b15ee07ac15c2c780e641
