lock_version: 1
toolchain:
  repository: TakashiSasaki/templates
  revision: 5de32547e68fa15e24ff3b8affadf12e9d730a41
inputs:
  .agent-policy.yml:
    sha256: 9bd160e6aa52552e87d3d6006200331f29d6d97f522d3b4e965293765cec30c2
  policy/repository/artifact-boundary.md:
    sha256: 505b69167e5f1178ec3288f052ec0e6d9d572e2886577af7747972b2c7349058
  policy/repository/distribution-integrity.md:
    sha256: a6a5187b5dd6c1e0d3218a3f56de3591712ada9f8037b3c0b3a4e4a179844d37
  policy/repository/profile-model.md:
    sha256: 3382697941673f448db5cd1cc0c57aa89a0043816ea82c4fec76871936ec7031
  policy/repository/publication-boundary.md:
    sha256: cbe29e63513f811bf31281471823705538e3a5e882095b0c0fb3257296674ab2
  policy/repository/reading-scope.md:
    sha256: d8d01ddae84da097ccc5989533c98708f1e73ae9625781473245d45f1c82ce93
  policy/repository/validation.md:
    sha256: e32de5eb38ee3f66b40dfb644b50f2d0f9f446b26112b05e537934a33b444c3f
outputs: {}
