PATH
  remote: .
  specs:
    text-stat (1.0.0)

GEM
  remote: https://rubygems.org/
  specs:
    bigdecimal (4.1.2)
    hana (1.3.7)
    json_schemer (2.5.0)
      bigdecimal
      hana (~> 1.3)
      regexp_parser (~> 2.0)
      simpleidn (~> 0.2)
    mcp (1.0.0)
      json_schemer (>= 2.4)
    minitest (5.27.0)
    regexp_parser (2.12.0)
    simpleidn (0.2.3)

PLATFORMS
  ruby

DEPENDENCIES
  mcp (= 1.0.0)
  minitest (= 5.27.0)
  text-stat!

BUNDLED WITH
   2.5.22
